
Microsoft Visual Studio Solution File, Format Version 12.00
# Visual Studio Version 17
VisualStudioVersion = 17.2.32616.157
MinimumVisualStudioVersion = 10.0.40219.1
Project("{FAE04EC0-301F-11D3-BF4B-00C04F79EFBC}") = "InlineMethodBaseline", "InlineMethodBaseline.csproj", "{18F45E02-BA51-4E60-A0AF-874B8FCEA40E}"
EndProject
Global
	GlobalSection(SolutionConfigurationPlatforms) = preSolution
		Debug|Any CPU = Debug|Any CPU
		Release|Any CPU = Release|Any CPU
	EndGlobalSection
	GlobalSection(ProjectConfigurationPlatforms) = postSolution
		{18F45E02-BA51-4E60-A0AF-874B8FCEA40E}.Debug|Any CPU.ActiveCfg = Debug|Any CPU
		{18F45E02-BA51-4E60-A0AF-874B8FCEA40E}.Debug|Any CPU.Build.0 = Debug|Any CPU
		{18F45E02-BA51-4E60-A0AF-874B8FCEA40E}.Release|Any CPU.ActiveCfg = Release|Any CPU
		{18F45E02-BA51-4E60-A0AF-874B8FCEA40E}.Release|Any CPU.Build.0 = Release|Any CPU
	EndGlobalSection
	GlobalSection(SolutionProperties) = preSolution
		HideSolutionNode = FALSE
	EndGlobalSection
	GlobalSection(ExtensibilityGlobals) = postSolution
		SolutionGuid = {1609ECA8-42C1-4C6E-94F8-E207EC3D7FBE}
	EndGlobalSection
EndGlobal
